
Microsoft Visual Studio Solution File, Format Version 12.00
Project("{2150E333-8FDC-42A3-9474-1A3956D46DE8}") = "Solution Items", "Solution Items", "{2259A9F9-FC9D-4AE8-8225-3268A9680D80}"
	ProjectSection(SolutionItems) = preProject
		global.json = global.json
		README.md = README.md
		src\docker-compose.override.yml = src\docker-compose.override.yml
		src\docker-compose.yml = src\docker-compose.yml
		resources\DYU-Microservices-Solution_Architect.jpg = resources\DYU-Microservices-Solution_Architect.jpg
	EndProjectSection
EndProject
Project("{2150E333-8FDC-42A3-9474-1A3956D46DE8}") = "src", "src", "{B9222DD9-D8AB-45A0-9175-85D1BEF33C6F}"
EndProject
Project("{2150E333-8FDC-42A3-9474-1A3956D46DE8}") = "tests", "tests", "{A0C74DEE-11FB-40D0-A75B-85BF8D33722F}"
EndProject
Project("{2150E333-8FDC-42A3-9474-1A3956D46DE8}") = "ApiGateways", "ApiGateways", "{E2BDB5EB-906C-40EA-B2E2-FEDF761BD1CC}"
EndProject
Project("{2150E333-8FDC-42A3-9474-1A3956D46DE8}") = "Services", "Services", "{EC2BF798-1044-4D00-AFA7-88D9FBDF3F60}"
EndProject
Project("{2150E333-8FDC-42A3-9474-1A3956D46DE8}") = "BuildingBlocks", "BuildingBlocks", "{B0FAFA8A-DA8C-455F-B83B-C831E8BC6C65}"
EndProject
Project("{2150E333-8FDC-42A3-9474-1A3956D46DE8}") = "WebApps", "WebApps", "{4B2FD7AC-D6EC-4FDF-8F78-611BD80720E4}"
EndProject
Project("{FAE04EC0-301F-11D3-BF4B-00C04F79EFBC}") = "Common.Logging", "src\BuildingBlocks\Common.Logging\Common.Logging.csproj", "{4094C5F9-96E9-4C5B-94A5-49DE956BBB8C}"
EndProject
Project("{FAE04EC0-301F-11D3-BF4B-00C04F79EFBC}") = "EventBus.Messages", "src\BuildingBlocks\EventBus.Messages\EventBus.Messages.csproj", "{5EE1FA52-6B6D-4EAB-A9CF-815CDFA1778A}"
EndProject
Project("{2150E333-8FDC-42A3-9474-1A3956D46DE8}") = "Product", "Product", "{368E5B01-3B28-47DE-9603-6CCD75769965}"
EndProject
Project("{2150E333-8FDC-42A3-9474-1A3956D46DE8}") = "Customer", "Customer", "{F01EF348-361A-418E-A877-5B0C857BB626}"
EndProject
Project("{2150E333-8FDC-42A3-9474-1A3956D46DE8}") = "Basket", "Basket", "{8BABE74A-F325-4E5C-A6EC-148ED13BC5DD}"
EndProject
Project("{2150E333-8FDC-42A3-9474-1A3956D46DE8}") = "Inventory", "Inventory", "{21BF41F9-257C-425F-9B61-8B480CD8D3D7}"
EndProject
Project("{2150E333-8FDC-42A3-9474-1A3956D46DE8}") = "Ordering", "Ordering", "{A8C3DF47-78B7-43E3-B67B-8436C35EA885}"
EndProject
Project("{2150E333-8FDC-42A3-9474-1A3956D46DE8}") = "ScheduledJob", "ScheduledJob", "{708891FB-5E81-4C84-9BB0-944EFE9AE785}"
EndProject
Project("{FAE04EC0-301F-11D3-BF4B-00C04F79EFBC}") = "WebHealthStatus", "src\WebApps\WebHealthStatus\WebHealthStatus.csproj", "{86606601-4091-4539-A070-0056D6EB6DBF}"
EndProject
Project("{FAE04EC0-301F-11D3-BF4B-00C04F79EFBC}") = "Basket.API", "src\Services\Basket.API\Basket.API.csproj", "{A29E2DE0-4C5E-49C1-9858-AF915A898448}"
EndProject
Project("{FAE04EC0-301F-11D3-BF4B-00C04F79EFBC}") = "Customer.API", "src\Services\Customer.API\Customer.API.csproj", "{A44A37F0-1249-4B8B-A18C-E6D4067BBF92}"
EndProject
Project("{FAE04EC0-301F-11D3-BF4B-00C04F79EFBC}") = "Inventory.Product.API", "src\Services\Inventory.Product.API\Inventory.Product.API.csproj", "{5CDBD4C7-C56D-4E9A-AA0A-D3C1031ED138}"
EndProject
Project("{FAE04EC0-301F-11D3-BF4B-00C04F79EFBC}") = "Ordering.API", "src\Services\Ordering.API\Ordering.API.csproj", "{9519547F-2D86-4FAD-AE50-F910441139FB}"
EndProject
Project("{FAE04EC0-301F-11D3-BF4B-00C04F79EFBC}") = "Product.API", "src\Services\Product.API\Product.API.csproj", "{7D98AD44-9B5B-46C8-B666-7D082E7ACB3A}"
EndProject
Project("{FAE04EC0-301F-11D3-BF4B-00C04F79EFBC}") = "Hangfire.API", "src\Services\Hangfire.API\Hangfire.API.csproj", "{941BE765-1548-4E55-B50B-6C47328FF253}"
EndProject
Project("{FAE04EC0-301F-11D3-BF4B-00C04F79EFBC}") = "Contracts", "src\BuildingBlocks\Contracts\Contracts.csproj", "{D97879FC-A186-4D95-B7ED-249967BFC82E}"
EndProject
Project("{FAE04EC0-301F-11D3-BF4B-00C04F79EFBC}") = "Infrastructure", "src\BuildingBlocks\Infrastructure\Infrastructure.csproj", "{775AC335-22A0-45D9-B5B2-AFCA1E540C52}"
EndProject
Project("{FAE04EC0-301F-11D3-BF4B-00C04F79EFBC}") = "Shared", "src\BuildingBlocks\Shared\Shared.csproj", "{FEBA4AF9-3B92-4F7B-A55B-CD93E3C72E00}"
EndProject
Project("{FAE04EC0-301F-11D3-BF4B-00C04F79EFBC}") = "OcelotApiGw", "src\ApiGateways\OcelotApiGw\OcelotApiGw.csproj", "{CBBDD180-AEC1-48A5-92FF-5A9448EE7DA2}"
EndProject
Global
	GlobalSection(SolutionConfigurationPlatforms) = preSolution
		Debug|Any CPU = Debug|Any CPU
		Release|Any CPU = Release|Any CPU
	EndGlobalSection
	GlobalSection(NestedProjects) = preSolution
		{E2BDB5EB-906C-40EA-B2E2-FEDF761BD1CC} = {B9222DD9-D8AB-45A0-9175-85D1BEF33C6F}
		{EC2BF798-1044-4D00-AFA7-88D9FBDF3F60} = {B9222DD9-D8AB-45A0-9175-85D1BEF33C6F}
		{B0FAFA8A-DA8C-455F-B83B-C831E8BC6C65} = {B9222DD9-D8AB-45A0-9175-85D1BEF33C6F}
		{4B2FD7AC-D6EC-4FDF-8F78-611BD80720E4} = {B9222DD9-D8AB-45A0-9175-85D1BEF33C6F}
		{5EE1FA52-6B6D-4EAB-A9CF-815CDFA1778A} = {B0FAFA8A-DA8C-455F-B83B-C831E8BC6C65}
		{4094C5F9-96E9-4C5B-94A5-49DE956BBB8C} = {B0FAFA8A-DA8C-455F-B83B-C831E8BC6C65}
		{368E5B01-3B28-47DE-9603-6CCD75769965} = {EC2BF798-1044-4D00-AFA7-88D9FBDF3F60}
		{F01EF348-361A-418E-A877-5B0C857BB626} = {EC2BF798-1044-4D00-AFA7-88D9FBDF3F60}
		{8BABE74A-F325-4E5C-A6EC-148ED13BC5DD} = {EC2BF798-1044-4D00-AFA7-88D9FBDF3F60}
		{21BF41F9-257C-425F-9B61-8B480CD8D3D7} = {EC2BF798-1044-4D00-AFA7-88D9FBDF3F60}
		{A8C3DF47-78B7-43E3-B67B-8436C35EA885} = {EC2BF798-1044-4D00-AFA7-88D9FBDF3F60}
		{708891FB-5E81-4C84-9BB0-944EFE9AE785} = {EC2BF798-1044-4D00-AFA7-88D9FBDF3F60}
		{86606601-4091-4539-A070-0056D6EB6DBF} = {4B2FD7AC-D6EC-4FDF-8F78-611BD80720E4}
		{A29E2DE0-4C5E-49C1-9858-AF915A898448} = {8BABE74A-F325-4E5C-A6EC-148ED13BC5DD}
		{A44A37F0-1249-4B8B-A18C-E6D4067BBF92} = {F01EF348-361A-418E-A877-5B0C857BB626}
		{5CDBD4C7-C56D-4E9A-AA0A-D3C1031ED138} = {21BF41F9-257C-425F-9B61-8B480CD8D3D7}
		{9519547F-2D86-4FAD-AE50-F910441139FB} = {A8C3DF47-78B7-43E3-B67B-8436C35EA885}
		{7D98AD44-9B5B-46C8-B666-7D082E7ACB3A} = {368E5B01-3B28-47DE-9603-6CCD75769965}
		{941BE765-1548-4E55-B50B-6C47328FF253} = {708891FB-5E81-4C84-9BB0-944EFE9AE785}
		{D97879FC-A186-4D95-B7ED-249967BFC82E} = {B0FAFA8A-DA8C-455F-B83B-C831E8BC6C65}
		{775AC335-22A0-45D9-B5B2-AFCA1E540C52} = {B0FAFA8A-DA8C-455F-B83B-C831E8BC6C65}
		{FEBA4AF9-3B92-4F7B-A55B-CD93E3C72E00} = {B0FAFA8A-DA8C-455F-B83B-C831E8BC6C65}
		{CBBDD180-AEC1-48A5-92FF-5A9448EE7DA2} = {E2BDB5EB-906C-40EA-B2E2-FEDF761BD1CC}
	EndGlobalSection
	GlobalSection(ProjectConfigurationPlatforms) = postSolution
		{4094C5F9-96E9-4C5B-94A5-49DE956BBB8C}.Debug|Any CPU.ActiveCfg = Debug|Any CPU
		{4094C5F9-96E9-4C5B-94A5-49DE956BBB8C}.Debug|Any CPU.Build.0 = Debug|Any CPU
		{4094C5F9-96E9-4C5B-94A5-49DE956BBB8C}.Release|Any CPU.ActiveCfg = Release|Any CPU
		{4094C5F9-96E9-4C5B-94A5-49DE956BBB8C}.Release|Any CPU.Build.0 = Release|Any CPU
		{5EE1FA52-6B6D-4EAB-A9CF-815CDFA1778A}.Debug|Any CPU.ActiveCfg = Debug|Any CPU
		{5EE1FA52-6B6D-4EAB-A9CF-815CDFA1778A}.Debug|Any CPU.Build.0 = Debug|Any CPU
		{5EE1FA52-6B6D-4EAB-A9CF-815CDFA1778A}.Release|Any CPU.ActiveCfg = Release|Any CPU
		{5EE1FA52-6B6D-4EAB-A9CF-815CDFA1778A}.Release|Any CPU.Build.0 = Release|Any CPU
		{86606601-4091-4539-A070-0056D6EB6DBF}.Debug|Any CPU.ActiveCfg = Debug|Any CPU
		{86606601-4091-4539-A070-0056D6EB6DBF}.Debug|Any CPU.Build.0 = Debug|Any CPU
		{86606601-4091-4539-A070-0056D6EB6DBF}.Release|Any CPU.ActiveCfg = Release|Any CPU
		{86606601-4091-4539-A070-0056D6EB6DBF}.Release|Any CPU.Build.0 = Release|Any CPU
		{A29E2DE0-4C5E-49C1-9858-AF915A898448}.Debug|Any CPU.ActiveCfg = Debug|Any CPU
		{A29E2DE0-4C5E-49C1-9858-AF915A898448}.Debug|Any CPU.Build.0 = Debug|Any CPU
		{A29E2DE0-4C5E-49C1-9858-AF915A898448}.Release|Any CPU.ActiveCfg = Release|Any CPU
		{A29E2DE0-4C5E-49C1-9858-AF915A898448}.Release|Any CPU.Build.0 = Release|Any CPU
		{A44A37F0-1249-4B8B-A18C-E6D4067BBF92}.Debug|Any CPU.ActiveCfg = Debug|Any CPU
		{A44A37F0-1249-4B8B-A18C-E6D4067BBF92}.Debug|Any CPU.Build.0 = Debug|Any CPU
		{A44A37F0-1249-4B8B-A18C-E6D4067BBF92}.Release|Any CPU.ActiveCfg = Release|Any CPU
		{A44A37F0-1249-4B8B-A18C-E6D4067BBF92}.Release|Any CPU.Build.0 = Release|Any CPU
		{5CDBD4C7-C56D-4E9A-AA0A-D3C1031ED138}.Debug|Any CPU.ActiveCfg = Debug|Any CPU
		{5CDBD4C7-C56D-4E9A-AA0A-D3C1031ED138}.Debug|Any CPU.Build.0 = Debug|Any CPU
		{5CDBD4C7-C56D-4E9A-AA0A-D3C1031ED138}.Release|Any CPU.ActiveCfg = Release|Any CPU
		{5CDBD4C7-C56D-4E9A-AA0A-D3C1031ED138}.Release|Any CPU.Build.0 = Release|Any CPU
		{9519547F-2D86-4FAD-AE50-F910441139FB}.Debug|Any CPU.ActiveCfg = Debug|Any CPU
		{9519547F-2D86-4FAD-AE50-F910441139FB}.Debug|Any CPU.Build.0 = Debug|Any CPU
		{9519547F-2D86-4FAD-AE50-F910441139FB}.Release|Any CPU.ActiveCfg = Release|Any CPU
		{9519547F-2D86-4FAD-AE50-F910441139FB}.Release|Any CPU.Build.0 = Release|Any CPU
		{7D98AD44-9B5B-46C8-B666-7D082E7ACB3A}.Debug|Any CPU.ActiveCfg = Debug|Any CPU
		{7D98AD44-9B5B-46C8-B666-7D082E7ACB3A}.Debug|Any CPU.Build.0 = Debug|Any CPU
		{7D98AD44-9B5B-46C8-B666-7D082E7ACB3A}.Release|Any CPU.ActiveCfg = Release|Any CPU
		{7D98AD44-9B5B-46C8-B666-7D082E7ACB3A}.Release|Any CPU.Build.0 = Release|Any CPU
		{941BE765-1548-4E55-B50B-6C47328FF253}.Debug|Any CPU.ActiveCfg = Debug|Any CPU
		{941BE765-1548-4E55-B50B-6C47328FF253}.Debug|Any CPU.Build.0 = Debug|Any CPU
		{941BE765-1548-4E55-B50B-6C47328FF253}.Release|Any CPU.ActiveCfg = Release|Any CPU
		{941BE765-1548-4E55-B50B-6C47328FF253}.Release|Any CPU.Build.0 = Release|Any CPU
		{D97879FC-A186-4D95-B7ED-249967BFC82E}.Debug|Any CPU.ActiveCfg = Debug|Any CPU
		{D97879FC-A186-4D95-B7ED-249967BFC82E}.Debug|Any CPU.Build.0 = Debug|Any CPU
		{D97879FC-A186-4D95-B7ED-249967BFC82E}.Release|Any CPU.ActiveCfg = Release|Any CPU
		{D97879FC-A186-4D95-B7ED-249967BFC82E}.Release|Any CPU.Build.0 = Release|Any CPU
		{775AC335-22A0-45D9-B5B2-AFCA1E540C52}.Debug|Any CPU.ActiveCfg = Debug|Any CPU
		{775AC335-22A0-45D9-B5B2-AFCA1E540C52}.Debug|Any CPU.Build.0 = Debug|Any CPU
		{775AC335-22A0-45D9-B5B2-AFCA1E540C52}.Release|Any CPU.ActiveCfg = Release|Any CPU
		{775AC335-22A0-45D9-B5B2-AFCA1E540C52}.Release|Any CPU.Build.0 = Release|Any CPU
		{FEBA4AF9-3B92-4F7B-A55B-CD93E3C72E00}.Debug|Any CPU.ActiveCfg = Debug|Any CPU
		{FEBA4AF9-3B92-4F7B-A55B-CD93E3C72E00}.Debug|Any CPU.Build.0 = Debug|Any CPU
		{FEBA4AF9-3B92-4F7B-A55B-CD93E3C72E00}.Release|Any CPU.ActiveCfg = Release|Any CPU
		{FEBA4AF9-3B92-4F7B-A55B-CD93E3C72E00}.Release|Any CPU.Build.0 = Release|Any CPU
		{CBBDD180-AEC1-48A5-92FF-5A9448EE7DA2}.Debug|Any CPU.ActiveCfg = Debug|Any CPU
		{CBBDD180-AEC1-48A5-92FF-5A9448EE7DA2}.Debug|Any CPU.Build.0 = Debug|Any CPU
		{CBBDD180-AEC1-48A5-92FF-5A9448EE7DA2}.Release|Any CPU.ActiveCfg = Release|Any CPU
		{CBBDD180-AEC1-48A5-92FF-5A9448EE7DA2}.Release|Any CPU.Build.0 = Release|Any CPU
	EndGlobalSection
EndGlobal
